lockfileVersion: '9.0'

settings:
  autoInstallPeers: false
  excludeLinksFromLockfile: false

importers:

  .: {}

  host:
    dependencies:
      react:
        specifier: ^18.3.1
        version: 18.3.1
      react-dom:
        specifier: ^18.3.1
        version: 18.3.1(react@18.3.1)
      react-router-dom:
        specifier: 0.0.0-experimental-edf416237
        version: 0.0.0-experimental-edf416237(react-dom@18.3.1(react@18.3.1))(react@18.3.1)
    devDependencies:
      '@rsbuild/core':
        specifier: 0.7.2
        version: 0.7.2
      '@rsbuild/plugin-react':
        specifier: 0.7.2
        version: 0.7.2(@rsbuild/core@0.7.2)(@swc/helpers@0.5.3)
      '@types/react':
        specifier: ^18.3.3
        version: 18.3.3
      '@types/react-dom':
        specifier: ^18.3.0
        version: 18.3.0
      typescript:
        specifier: ^5.4.2
        version: 5.4.5

  remote:
    dependencies:
      react:
        specifier: ^18.3.1
        version: 18.3.1
      react-dom:
        specifier: ^18.3.1
        version: 18.3.1(react@18.3.1)
      react-router-dom:
        specifier: 0.0.0-experimental-edf416237
        version: 0.0.0-experimental-edf416237(react-dom@18.3.1(react@18.3.1))(react@18.3.1)
    devDependencies:
      '@rsbuild/core':
        specifier: 0.7.2
        version: 0.7.2
      '@rsbuild/plugin-react':
        specifier: 0.7.2
        version: 0.7.2(@rsbuild/core@0.7.2)(@swc/helpers@0.5.3)
      '@types/react':
        specifier: ^18.3.3
        version: 18.3.3
      '@types/react-dom':
        specifier: ^18.3.0
        version: 18.3.0
      typescript:
        specifier: ^5.4.2
        version: 5.4.5

packages:

  '@module-federation/runtime-tools@0.1.6':
    resolution: {integrity: sha512-7ILVnzMIa0Dlc0Blck5tVZG1tnk1MmLnuZpLOMpbdW+zl+N6wdMjjHMjEZFCUAJh2E5XJ3BREwfX8Ets0nIkLg==}

  '@module-federation/runtime@0.1.6':
    resolution: {integrity: sha512-nj6a+yJ+QxmcE89qmrTl4lphBIoAds0PFPVGnqLRWflwAP88jrCcrrTqRhARegkFDL+wE9AE04+h6jzlbIfMKg==}

  '@module-federation/sdk@0.1.6':
    resolution: {integrity: sha512-qifXpyYLM7abUeEOIfv0oTkguZgRZuwh89YOAYIZJlkP6QbRG7DJMQvtM8X2yHXm9PTk0IYNnOJH0vNQCo6auQ==}

  '@module-federation/webpack-bundler-runtime@0.1.6':
    resolution: {integrity: sha512-K5WhKZ4RVNaMEtfHsd/9CNCgGKB0ipbm/tgweNNeC11mEuBTNxJ09Y630vg3WPkKv9vfMCuXg2p2Dk+Q/KWTSA==}

  '@remix-run/router@0.0.0-experimental-edf416237':
    resolution: {integrity: sha512-mWYC4ynKFA3UF31rX/57nIj8oEHeA9nYMziiqU00t0s3kfJ4JVv0shkq43O4eZMv2hAVr31sbsb2WT+15Al5fQ==}
    engines: {node: '>=14.0.0'}

  '@rsbuild/core@0.7.2':
    resolution: {integrity: sha512-Rv0TAmrhvSoyDJkBYDZ23RrIEAbdWQ6yKJtEZBQt9ZqpaNXoi/TNy9DOC2IjQIBaHGS2tH/j9ker1lQFEdgUIg==}
    engines: {node: '>=16.0.0'}
    hasBin: true

  '@rsbuild/plugin-react@0.7.2':
    resolution: {integrity: sha512-9sAqMFAaE7pFFyLsSVOb6IJE4YoZBLIbGzf/aFs5+fOO0FRR8KDDG7uLJehpLBekU8HipoQ70qtUVdx39kXgyA==}
    peerDependencies:
      '@rsbuild/core': ^0.7.2

  '@rsbuild/shared@0.7.2':
    resolution: {integrity: sha512-mX3PACf1DNdd8pIgPzjAuNEAPu1skr3rKGrZPUPhZ/nLX1rYJHJlIXWRuczscNGECs2QnPlqlgRgDbEaxPaPSQ==}

  '@rspack/binding-darwin-arm64@0.7.0':
    resolution: {integrity: sha512-vh+7sICv2L4hrtRZcoxwdwHRqKPM88PAtq1CcTkACEohOfxnRSJSfSvVYNMbOpqBkSUOQ6v2V9uy2UThtNqvKg==}
    cpu: [arm64]
    os: [darwin]

  '@rspack/binding-darwin-x64@0.7.0':
    resolution: {integrity: sha512-E7cFk/1oMuAqvIsLCAEzI6p+/W3NoZyfSmjQ1s7MV9ylrPtwwzGnMcEbNzcRkemSw1dhxSzlgKT50cl8Pa+mVg==}
    cpu: [x64]
    os: [darwin]

  '@rspack/binding-linux-arm64-gnu@0.7.0':
    resolution: {integrity: sha512-jcengiNNBm/5u3gUzVduqMBJ2uzUgUE7e9D4WK/gHXSYkk0m25iLxLhDCSnWQKxAgv8Tu71zkOUsiliZqjqJdA==}
    cpu: [arm64]
    os: [linux]

  '@rspack/binding-linux-arm64-musl@0.7.0':
    resolution: {integrity: sha512-CHeuGNeztufbHChQ6TyBin4R0iDE0c10J4/7XoX6DiDlDLoFRdB5OF55UeD9g+W/dj1MeZfkW38kezjQdi/vSg==}
    cpu: [arm64]
    os: [linux]

  '@rspack/binding-linux-x64-gnu@0.7.0':
    resolution: {integrity: sha512-p0fQaiy9Sdyu3GTd8dfvOeAfyM9y08XuRAQdGDy5AcxZvbHZW/h7Jww5bXdbzIf49p8ojEvLG7qfg953a81n4A==}
    cpu: [x64]
    os: [linux]

  '@rspack/binding-linux-x64-musl@0.7.0':
    resolution: {integrity: sha512-+PwF/Kw40i9+zze/Ys2OhyN2fKcnYGo2V3cp9xTn+8R+CzQhZh9cAU/1DVDJpnTs0p9wKktAp8nIQTcVrWzK7A==}
    cpu: [x64]
    os: [linux]

  '@rspack/binding-win32-arm64-msvc@0.7.0':
    resolution: {integrity: sha512-OJj6JHAzdvPeKagLnFcHRTd7/ybERTj7hoAWsagdLsYAB8i/hBIah4U92RArYfQJLkvZbqsiimhGTwTZPh0Miw==}
    cpu: [arm64]
    os: [win32]

  '@rspack/binding-win32-ia32-msvc@0.7.0':
    resolution: {integrity: sha512-5WBiRi2rvrBbM5HvIgg4iI2H3S9fz89plczKc676iqwcddUAbYYOhQ311q137KqMo3IZ3LQjVia1wxFaXY9oxw==}
    cpu: [ia32]
    os: [win32]

  '@rspack/binding-win32-x64-msvc@0.7.0':
    resolution: {integrity: sha512-4j9DFdfEyptC9vNz4CM6IM4z1EInc2dnB3k+YDRtSZDDlOW7jequvhgv+8nSqabeM1sp/GXWkz/rap6jLJKMpA==}
    cpu: [x64]
    os: [win32]

  '@rspack/binding@0.7.0':
    resolution: {integrity: sha512-L4bSeF951uJs3e7KakfJJgK0o2TfWsCbaqOQIEa5Aw20olO1I4P7gRK1RZUSlMLXWZ09iF+81Ei7gKQmh1ABLA==}

  '@rspack/core@0.7.0':
    resolution: {integrity: sha512-1KsI17Ejx5jGrMO+iApvXLfH2l0KDwXhWsLlbvHQ2/RKAx6qjvw8qoE18etBQYEcgh1bzruuRiNBLkKnk5nf7A==}
    engines: {node: '>=16.0.0'}
    peerDependencies:
      '@swc/helpers': '>=0.5.1'
    peerDependenciesMeta:
      '@swc/helpers':
        optional: true

  '@rspack/plugin-react-refresh@0.7.0':
    resolution: {integrity: sha512-IRk4W0v0Nc0thxbHz1kordb3Gk8liHPoDY+peDSLSel6847qaoiDM7LhuenZzgHxlPo7ZzmZufdi2o0fyjcN0Q==}
    peerDependencies:
      react-refresh: '>=0.10.0 <1.0.0'
    peerDependenciesMeta:
      react-refresh:
        optional: true

  '@swc/helpers@0.5.3':
    resolution: {integrity: sha512-FaruWX6KdudYloq1AHD/4nU+UsMTdNE8CKyrseXWEcgjDAbvkwJg2QGPAnfIJLIWsjZOSPLOAykK6fuYp4vp4A==}

  '@types/prop-types@15.7.12':
    resolution: {integrity: sha512-5zvhXYtRNRluoE/jAp4GVsSduVUzNWKkOZrCDBWYtE7biZywwdC2AcEzg+cSMLFRfVgeAFqpfNabiPjxFddV1Q==}

  '@types/react-dom@18.3.0':
    resolution: {integrity: sha512-EhwApuTmMBmXuFOikhQLIBUn6uFg81SwLMOAUgodJF14SOBOCMdU04gDoYi0WOJJHD144TL32z4yDqCW3dnkQg==}

  '@types/react@18.3.3':
    resolution: {integrity: sha512-hti/R0pS0q1/xx+TsI73XIqk26eBsISZ2R0wUijXIngRK9R/e7Xw/cXVxQK7R5JjW+SV4zGcn5hXjudkN/pLIw==}

  caniuse-lite@1.0.30001629:
    resolution: {integrity: sha512-c3dl911slnQhmxUIT4HhYzT7wnBK/XYpGnYLOj4nJBaRiw52Ibe7YxlDaAeRECvA786zCuExhxIUJ2K7nHMrBw==}

  core-js@3.36.1:
    resolution: {integrity: sha512-BTvUrwxVBezj5SZ3f10ImnX2oRByMxql3EimVqMysepbC9EeMUOpLwdy6Eoili2x6E4kf+ZUB5k/+Jv55alPfA==}

  csstype@3.1.3:
    resolution: {integrity: sha512-M1uQkMl8rQK/szD0LNhtqxIPLpimGm8sOBwU7lLnCpSbTyY3yeU1Vc7l4KT5zT4s/yOxHH5O7tIuuLOCnLADRw==}

  fsevents@2.3.3:
    resolution: {integrity: sha512-5xoDfX+fL7faATnagmWPpbFtwh/R77WmMMqqHGS65C3vvB0YHrgF+B1YmZ3441tMj5n63k0212XNoJwzlhffQw==}
    engines: {node: ^8.16.0 || ^10.6.0 || >=11.0.0}
    os: [darwin]

  html-rspack-plugin@5.7.2:
    resolution: {integrity: sha512-uVXGYq19bcsX7Q/53VqXQjCKXw0eUMHlFGDLTaqzgj/ckverfhZQvXyA6ecFBaF9XUH16jfCTCyALYi0lJcagg==}
    engines: {node: '>=10.13.0'}
    peerDependencies:
      '@rspack/core': 0.x || 1.x
    peerDependenciesMeta:
      '@rspack/core':
        optional: true

  js-tokens@4.0.0:
    resolution: {integrity: sha512-RdJUflcE3cUzKiMqQgsCu06FPu9UdIJO0beYbPhHN4k6apgJtifcoCtT9bcxOpYBtpD2kCM6Sbzg4CausW/PKQ==}

  loose-envify@1.4.0:
    resolution: {integrity: sha512-lyuxPGr/Wfhrlem2CL/UcnUc1zcqKAImBDzukY7Y5F/yQiNdko6+fRLevlw1HgMySw7f611UIY408EtxRSoK3Q==}
    hasBin: true

  nanoid@3.3.7:
    resolution: {integrity: sha512-eSRppjcPIatRIMC1U6UngP8XFcz8MQWGQdt1MTBQ7NaAmvXDfvNxbvWV3x2y6CdEUciCSsDHDQZbhYaB8QEo2g==}
    engines: {node: ^10 || ^12 || ^13.7 || ^14 || >=15.0.1}
    hasBin: true

  picocolors@1.0.1:
    resolution: {integrity: sha512-anP1Z8qwhkbmu7MFP5iTt+wQKXgwzf7zTyGlcdzabySa9vd0Xt392U0rVmz9poOaBj0uHJKyyo9/upk0HrEQew==}

  postcss@8.4.38:
    resolution: {integrity: sha512-Wglpdk03BSfXkHoQa3b/oulrotAkwrlLDRSOb9D0bN86FdRyE9lppSp33aHNPgBa0JKCoB+drFLZkQoRRYae5A==}
    engines: {node: ^10 || ^12 || >=14}

  react-dom@18.3.1:
    resolution: {integrity: sha512-5m4nQKp+rZRb09LNH59GM4BxTh9251/ylbKIbpe7TpGxfJ+9kv6BLkLBXIjjspbgbnIBNqlI23tRnTWT0snUIw==}
    peerDependencies:
      react: ^18.3.1

  react-refresh@0.14.2:
    resolution: {integrity: sha512-jCvmsr+1IUSMUyzOkRcvnVbX3ZYC6g9TDrDbFuFmRDq7PD4yaGbLKNQL6k2jnArV8hjYxh7hVhAZB6s9HDGpZA==}
    engines: {node: '>=0.10.0'}

  react-router-dom@0.0.0-experimental-edf416237:
    resolution: {integrity: sha512-/38urJF6r8Sc5eaZMSs5OmIFwQSSPec5wqLHH6F3RN6i7YG5W2R9DsRbhlXTENj0HmZUG3CAAPEEotui6xBkmQ==}
    engines: {node: '>=14.0.0'}
    peerDependencies:
      react: '>=16.8'
      react-dom: '>=16.8'

  react-router@0.0.0-experimental-edf416237:
    resolution: {integrity: sha512-3ZJMpLGEyQ6tbpNcXvPkT9smsNpcdlPamrUNS2JProa4lc5r5/ZzjFe5dkJnP4LVso9RPG95+FHbetf1V5uDyA==}
    engines: {node: '>=14.0.0'}
    peerDependencies:
      react: '>=16.8'

  react@18.3.1:
    resolution: {integrity: sha512-wS+hAgJShR0KhEvPJArfuPVN1+Hz1t0Y6n5jLrGQbkb4urgPE/0Rve+1kMB1v/oWgHgm4WIcV+i7F2pTVj+2iQ==}
    engines: {node: '>=0.10.0'}

  scheduler@0.23.2:
    resolution: {integrity: sha512-UOShsPwz7NrMUqhR6t0hWjFduvOzbtv7toDH1/hIrfRNIDBnnBWd0CwJTGvTpngVlmwGCdP9/Zl/tVrDqcuYzQ==}

  source-map-js@1.2.0:
    resolution: {integrity: sha512-itJW8lvSA0TXEphiRoawsCksnlf8SyvmFzIhltqAHluXd88pkCd+cXJVHTDwdCr0IzwptSm035IHQktUu1QUMg==}
    engines: {node: '>=0.10.0'}

  tapable@2.2.1:
    resolution: {integrity: sha512-GNzQvQTOIP6RyTfE2Qxb8ZVlNmw0n88vp1szwWRimP02mnTsx3Wtn5qRdqY9w2XduFNUgvOwhNnQsjwCp+kqaQ==}
    engines: {node: '>=6'}

  tslib@2.6.3:
    resolution: {integrity: sha512-xNvxJEOUiWPGhUuUdQgAJPKOOJfGnIyKySOc09XkKsgdUV/3E2zvwZYdejjmRgPCgcym1juLH3226yA7sEFJKQ==}

  typescript@5.4.5:
    resolution: {integrity: sha512-vcI4UpRgg81oIRUFwR0WSIHKt11nJ7SAVlYNIu+QpqeyXP+gpQJy/Z4+F0aGxSE4MqwjyXvW/TzgkLAx2AGHwQ==}
    engines: {node: '>=14.17'}
    hasBin: true

  webpack-sources@3.2.3:
    resolution: {integrity: sha512-/DyMEOrDgLKKIG0fmvtz+4dUX/3Ghozwgm6iPp8KRhvn+eQf9+Q7GWxVNMk3+uCPWfdXYC4ExGBckIXdFEfH1w==}
    engines: {node: '>=10.13.0'}

snapshots:

  '@module-federation/runtime-tools@0.1.6':
    dependencies:
      '@module-federation/runtime': 0.1.6
      '@module-federation/webpack-bundler-runtime': 0.1.6

  '@module-federation/runtime@0.1.6':
    dependencies:
      '@module-federation/sdk': 0.1.6

  '@module-federation/sdk@0.1.6': {}

  '@module-federation/webpack-bundler-runtime@0.1.6':
    dependencies:
      '@module-federation/runtime': 0.1.6
      '@module-federation/sdk': 0.1.6

  '@remix-run/router@0.0.0-experimental-edf416237': {}

  '@rsbuild/core@0.7.2':
    dependencies:
      '@rsbuild/shared': 0.7.2(@swc/helpers@0.5.3)
      '@rspack/core': 0.7.0(@swc/helpers@0.5.3)
      '@swc/helpers': 0.5.3
      core-js: 3.36.1
      html-webpack-plugin: html-rspack-plugin@5.7.2(@rspack/core@0.7.0(@swc/helpers@0.5.3))
      postcss: 8.4.38

  '@rsbuild/plugin-react@0.7.2(@rsbuild/core@0.7.2)(@swc/helpers@0.5.3)':
    dependencies:
      '@rsbuild/core': 0.7.2
      '@rsbuild/shared': 0.7.2(@swc/helpers@0.5.3)
      '@rspack/plugin-react-refresh': 0.7.0(react-refresh@0.14.2)
      react-refresh: 0.14.2
    transitivePeerDependencies:
      - '@swc/helpers'

  '@rsbuild/shared@0.7.2(@swc/helpers@0.5.3)':
    dependencies:
      '@rspack/core': 0.7.0(@swc/helpers@0.5.3)
      caniuse-lite: 1.0.30001629
      html-webpack-plugin: html-rspack-plugin@5.7.2(@rspack/core@0.7.0(@swc/helpers@0.5.3))
      postcss: 8.4.38
    optionalDependencies:
      fsevents: 2.3.3
    transitivePeerDependencies:
      - '@swc/helpers'

  '@rspack/binding-darwin-arm64@0.7.0':
    optional: true

  '@rspack/binding-darwin-x64@0.7.0':
    optional: true

  '@rspack/binding-linux-arm64-gnu@0.7.0':
    optional: true

  '@rspack/binding-linux-arm64-musl@0.7.0':
    optional: true

  '@rspack/binding-linux-x64-gnu@0.7.0':
    optional: true

  '@rspack/binding-linux-x64-musl@0.7.0':
    optional: true

  '@rspack/binding-win32-arm64-msvc@0.7.0':
    optional: true

  '@rspack/binding-win32-ia32-msvc@0.7.0':
    optional: true

  '@rspack/binding-win32-x64-msvc@0.7.0':
    optional: true

  '@rspack/binding@0.7.0':
    optionalDependencies:
      '@rspack/binding-darwin-arm64': 0.7.0
      '@rspack/binding-darwin-x64': 0.7.0
      '@rspack/binding-linux-arm64-gnu': 0.7.0
      '@rspack/binding-linux-arm64-musl': 0.7.0
      '@rspack/binding-linux-x64-gnu': 0.7.0
      '@rspack/binding-linux-x64-musl': 0.7.0
      '@rspack/binding-win32-arm64-msvc': 0.7.0
      '@rspack/binding-win32-ia32-msvc': 0.7.0
      '@rspack/binding-win32-x64-msvc': 0.7.0

  '@rspack/core@0.7.0(@swc/helpers@0.5.3)':
    dependencies:
      '@module-federation/runtime-tools': 0.1.6
      '@rspack/binding': 0.7.0
      caniuse-lite: 1.0.30001629
      tapable: 2.2.1
      webpack-sources: 3.2.3
    optionalDependencies:
      '@swc/helpers': 0.5.3

  '@rspack/plugin-react-refresh@0.7.0(react-refresh@0.14.2)':
    optionalDependencies:
      react-refresh: 0.14.2

  '@swc/helpers@0.5.3':
    dependencies:
      tslib: 2.6.3

  '@types/prop-types@15.7.12': {}

  '@types/react-dom@18.3.0':
    dependencies:
      '@types/react': 18.3.3

  '@types/react@18.3.3':
    dependencies:
      '@types/prop-types': 15.7.12
      csstype: 3.1.3

  caniuse-lite@1.0.30001629: {}

  core-js@3.36.1: {}

  csstype@3.1.3: {}

  fsevents@2.3.3:
    optional: true

  html-rspack-plugin@5.7.2(@rspack/core@0.7.0(@swc/helpers@0.5.3)):
    optionalDependencies:
      '@rspack/core': 0.7.0(@swc/helpers@0.5.3)

  js-tokens@4.0.0: {}

  loose-envify@1.4.0:
    dependencies:
      js-tokens: 4.0.0

  nanoid@3.3.7: {}

  picocolors@1.0.1: {}

  postcss@8.4.38:
    dependencies:
      nanoid: 3.3.7
      picocolors: 1.0.1
      source-map-js: 1.2.0

  react-dom@18.3.1(react@18.3.1):
    dependencies:
      loose-envify: 1.4.0
      react: 18.3.1
      scheduler: 0.23.2

  react-refresh@0.14.2: {}

  react-router-dom@0.0.0-experimental-edf416237(react-dom@18.3.1(react@18.3.1))(react@18.3.1):
    dependencies:
      '@remix-run/router': 0.0.0-experimental-edf416237
      react: 18.3.1
      react-dom: 18.3.1(react@18.3.1)
      react-router: 0.0.0-experimental-edf416237(react@18.3.1)

  react-router@0.0.0-experimental-edf416237(react@18.3.1):
    dependencies:
      '@remix-run/router': 0.0.0-experimental-edf416237
      react: 18.3.1

  react@18.3.1:
    dependencies:
      loose-envify: 1.4.0

  scheduler@0.23.2:
    dependencies:
      loose-envify: 1.4.0

  source-map-js@1.2.0: {}

  tapable@2.2.1: {}

  tslib@2.6.3: {}

  typescript@5.4.5: {}

  webpack-sources@3.2.3: {}
